
Microsoft Visual Studio Solution File, Format Version 12.00
# Visual Studio Version 16
VisualStudioVersion = 16.0.29306.81
MinimumVisualStudioVersion = 10.0.40219.1
Project("{FAE04EC0-301F-11D3-BF4B-00C04F79EFBC}") = "Clickchamp", "Clickchamp.csproj", "{BEE86468-33CF-4AD6-9B9F-21EEBC3D34A6}"
EndProject
Global
	GlobalSection(SolutionConfigurationPlatforms) = preSolution
		Debug|Any CPU = Debug|Any CPU
		Release|Any CPU = Release|Any CPU
	EndGlobalSection
	GlobalSection(ProjectConfigurationPlatforms) = postSolution
		{BEE86468-33CF-4AD6-9B9F-21EEBC3D34A6}.Debug|Any CPU.ActiveCfg = Debug|Any CPU
		{BEE86468-33CF-4AD6-9B9F-21EEBC3D34A6}.Debug|Any CPU.Build.0 = Debug|Any CPU
		{BEE86468-33CF-4AD6-9B9F-21EEBC3D34A6}.Release|Any CPU.ActiveCfg = Release|Any CPU
		{BEE86468-33CF-4AD6-9B9F-21EEBC3D34A6}.Release|Any CPU.Build.0 = Release|Any CPU
	EndGlobalSection
	GlobalSection(SolutionProperties) = preSolution
		HideSolutionNode = FALSE
	EndGlobalSection
	GlobalSection(ExtensibilityGlobals) = postSolution
		SolutionGuid = {3E639616-79E3-4B77-9049-229EE7A66E77}
	EndGlobalSection
EndGlobal
